
Microsoft Visual Studio Solution File, Format Version 12.00
# Visual Studio Version 17
VisualStudioVersion = 17.10.35027.167
MinimumVisualStudioVersion = 10.0.40219.1
Project("{FAE04EC0-301F-11D3-BF4B-00C04F79EFBC}") = "StudentPortal", "StudentPortal\StudentPortal.csproj", "{B73C9038-8546-4FB6-B6C3-FF49B654ECA2}"
EndProject
Global
	GlobalSection(SolutionConfigurationPlatforms) = preSolution
		Debug|Any CPU = Debug|Any CPU
		Release|Any CPU = Release|Any CPU
	EndGlobalSection
	GlobalSection(ProjectConfigurationPlatforms) = postSolution
		{B73C9038-8546-4FB6-B6C3-FF49B654ECA2}.Debug|Any CPU.ActiveCfg = Debug|Any CPU
		{B73C9038-8546-4FB6-B6C3-FF49B654ECA2}.Debug|Any CPU.Build.0 = Debug|Any CPU
		{B73C9038-8546-4FB6-B6C3-FF49B654ECA2}.Release|Any CPU.ActiveCfg = Release|Any CPU
		{B73C9038-8546-4FB6-B6C3-FF49B654ECA2}.Release|Any CPU.Build.0 = Release|Any CPU
	EndGlobalSection
	GlobalSection(SolutionProperties) = preSolution
		HideSolutionNode = FALSE
	EndGlobalSection
	GlobalSection(ExtensibilityGlobals) = postSolution
		SolutionGuid = {E86A6893-A35B-451A-A808-0FFE9DFFE5C2}
	EndGlobalSection
EndGlobal
